{
  "version": 4,
  "terraform_version": "0.12.24",
  "serial": 73,
  "lineage": "2c7e795a-b421-20cf-4fe3-4139ee43b51b",
  "outputs": {
    "pubsub_project_service_id": {
      "value": "projects/sree-dev-01/subscriptions/grpc-sub-01",
      "type": "string"
    },
    "pubsub_sa_email": {
      "value": "grpc-pubsub-sa@sree-dev-01.iam.gserviceaccount.com",
      "type": "string"
    },
    "pubsub_sa_key_filename": {
      "value": "./gcp_pubsub_sa.json",
      "type": "string"
    },
    "pubsub_sa_name": {
      "value": "projects/sree-dev-01/serviceAccounts/grpc-pubsub-sa@sree-dev-01.iam.gserviceaccount.com",
      "type": "string"
    },
    "pubsub_sa_subscription_iam_bindings": {
      "value": [
        "roles/pubsub.viewer",
        "roles/pubsub.subscriber"
      ],
      "type": [
        "tuple",
        [
          "string",
          "string"
        ]
      ]
    },
    "pubsub_subscription_id": {
      "value": "projects/sree-dev-01/subscriptions/grpc-sub-01",
      "type": "string"
    },
    "pubsub_subscription_path": {
      "value": "projects/sree-dev-01/subscriptions/grpc-sub-01",
      "type": "string"
    },
    "pubsub_topic_id": {
      "value": "projects/sree-dev-01/topics/grpc-topic-01",
      "type": "string"
    },
    "pubsubs_sa_topic_iam_bindings": {
      "value": [
        "roles/pubsub.viewer",
        "roles/pubsub.publisher"
      ],
      "type": [
        "tuple",
        [
          "string",
          "string"
        ]
      ]
    }
  },
  "resources": [
    {
      "mode": "managed",
      "type": "google_project_service",
      "name": "pubsub_service",
      "provider": "provider.google-beta",
      "instances": [
        {
          "schema_version": 0,
          "attributes": {
            "disable_dependent_services": null,
            "disable_on_destroy": false,
            "id": "sree-dev-01/pubsub.googleapis.com",
            "project": "sree-dev-01",
            "service": "pubsub.googleapis.com",
            "timeouts": null
          },
          "private": "eyJlMmJmYjczMC1lY2FhLTExZTYtOGY4OC0zNDM2M2JjN2M0YzAiOnsiY3JlYXRlIjoxMjAwMDAwMDAwMDAwLCJkZWxldGUiOjEyMDAwMDAwMDAwMDAsInJlYWQiOjYwMDAwMDAwMDAwMCwidXBkYXRlIjoxMjAwMDAwMDAwMDAwfX0="
        }
      ]
    },
    {
      "mode": "managed",
      "type": "google_pubsub_subscription",
      "name": "default",
      "provider": "provider.google-beta",
      "instances": [
        {
          "schema_version": 0,
          "attributes": {
            "ack_deadline_seconds": 20,
            "dead_letter_policy": [],
            "expiration_policy": [
              {
                "ttl": "172800s"
              }
            ],
            "id": "projects/sree-dev-01/subscriptions/grpc-sub-01",
            "labels": null,
            "message_retention_duration": "86400s",
            "name": "grpc-sub-01",
            "path": "projects/sree-dev-01/subscriptions/grpc-sub-01",
            "project": "sree-dev-01",
            "push_config": [],
            "retain_acked_messages": false,
            "timeouts": null,
            "topic": "projects/sree-dev-01/topics/grpc-topic-01"
          },
          "private": "eyJlMmJmYjczMC1lY2FhLTExZTYtOGY4OC0zNDM2M2JjN2M0YzAiOnsiY3JlYXRlIjozNjAwMDAwMDAwMDAsImRlbGV0ZSI6MjQwMDAwMDAwMDAwLCJ1cGRhdGUiOjM2MDAwMDAwMDAwMH19",
          "dependencies": [
            "google_project_service.pubsub_service",
            "google_pubsub_topic.default"
          ]
        }
      ]
    },
    {
      "mode": "managed",
      "type": "google_pubsub_subscription_iam_binding",
      "name": "default",
      "each": "list",
      "provider": "provider.google-beta",
      "instances": [
        {
          "index_key": 0,
          "schema_version": 0,
          "attributes": {
            "condition": [],
            "etag": "BwWlXlaZGno=",
            "id": "projects/sree-dev-01/subscriptions/grpc-sub-01/roles/pubsub.viewer",
            "members": [
              "serviceAccount:grpc-pubsub-sa@sree-dev-01.iam.gserviceaccount.com"
            ],
            "project": null,
            "role": "roles/pubsub.viewer",
            "subscription": "grpc-sub-01"
          },
          "private": "bnVsbA==",
          "dependencies": [
            "google_project_service.pubsub_service",
            "google_pubsub_subscription.default",
            "google_pubsub_topic.default",
            "google_service_account.pubsub_sa"
          ]
        },
        {
          "index_key": 1,
          "schema_version": 0,
          "attributes": {
            "condition": [],
            "etag": "BwWlXlaZGno=",
            "id": "projects/sree-dev-01/subscriptions/grpc-sub-01/roles/pubsub.subscriber",
            "members": [
              "serviceAccount:grpc-pubsub-sa@sree-dev-01.iam.gserviceaccount.com"
            ],
            "project": null,
            "role": "roles/pubsub.subscriber",
            "subscription": "grpc-sub-01"
          },
          "private": "bnVsbA==",
          "dependencies": [
            "google_project_service.pubsub_service",
            "google_pubsub_subscription.default",
            "google_pubsub_topic.default",
            "google_service_account.pubsub_sa"
          ]
        }
      ]
    },
    {
      "mode": "managed",
      "type": "google_pubsub_topic",
      "name": "default",
      "provider": "provider.google-beta",
      "instances": [
        {
          "schema_version": 0,
          "attributes": {
            "id": "projects/sree-dev-01/topics/grpc-topic-01",
            "kms_key_name": "",
            "labels": null,
            "message_storage_policy": [
              {
                "allowed_persistence_regions": [
                  "europe-west2"
                ]
              }
            ],
            "name": "grpc-topic-01",
            "project": "sree-dev-01",
            "timeouts": null
          },
          "private": "eyJlMmJmYjczMC1lY2FhLTExZTYtOGY4OC0zNDM2M2JjN2M0YzAiOnsiY3JlYXRlIjozNjAwMDAwMDAwMDAsImRlbGV0ZSI6MjQwMDAwMDAwMDAwLCJ1cGRhdGUiOjM2MDAwMDAwMDAwMH19",
          "dependencies": [
            "google_project_service.pubsub_service"
          ]
        }
      ]
    },
    {
      "mode": "managed",
      "type": "google_pubsub_topic_iam_binding",
      "name": "default",
      "each": "list",
      "provider": "provider.google-beta",
      "instances": [
        {
          "index_key": 0,
          "schema_version": 0,
          "attributes": {
            "condition": [],
            "etag": "BwWlXlaNAY4=",
            "id": "projects/sree-dev-01/topics/grpc-topic-01/roles/pubsub.viewer",
            "members": [
              "serviceAccount:grpc-pubsub-sa@sree-dev-01.iam.gserviceaccount.com"
            ],
            "project": "sree-dev-01",
            "role": "roles/pubsub.viewer",
            "topic": "projects/sree-dev-01/topics/grpc-topic-01"
          },
          "private": "bnVsbA==",
          "dependencies": [
            "google_project_service.pubsub_service",
            "google_pubsub_subscription.default",
            "google_pubsub_topic.default",
            "google_service_account.pubsub_sa"
          ]
        },
        {
          "index_key": 1,
          "schema_version": 0,
          "attributes": {
            "condition": [],
            "etag": "BwWlXlaNAY4=",
            "id": "projects/sree-dev-01/topics/grpc-topic-01/roles/pubsub.publisher",
            "members": [
              "serviceAccount:grpc-pubsub-sa@sree-dev-01.iam.gserviceaccount.com"
            ],
            "project": "sree-dev-01",
            "role": "roles/pubsub.publisher",
            "topic": "projects/sree-dev-01/topics/grpc-topic-01"
          },
          "private": "bnVsbA==",
          "dependencies": [
            "google_project_service.pubsub_service",
            "google_pubsub_subscription.default",
            "google_pubsub_topic.default",
            "google_service_account.pubsub_sa"
          ]
        }
      ]
    },
    {
      "mode": "managed",
      "type": "google_service_account",
      "name": "pubsub_sa",
      "provider": "provider.google-beta",
      "instances": [
        {
          "schema_version": 0,
          "attributes": {
            "account_id": "grpc-pubsub-sa",
            "description": "",
            "display_name": "grpc-pubsub-sa",
            "email": "grpc-pubsub-sa@sree-dev-01.iam.gserviceaccount.com",
            "id": "projects/sree-dev-01/serviceAccounts/grpc-pubsub-sa@sree-dev-01.iam.gserviceaccount.com",
            "name": "projects/sree-dev-01/serviceAccounts/grpc-pubsub-sa@sree-dev-01.iam.gserviceaccount.com",
            "project": "sree-dev-01",
            "unique_id": "110458892098324592049"
          },
          "private": "bnVsbA==",
          "dependencies": [
            "google_project_service.pubsub_service",
            "google_pubsub_subscription.default",
            "google_pubsub_topic.default"
          ]
        }
      ]
    },
    {
      "mode": "managed",
      "type": "google_service_account_key",
      "name": "pubsub_sa_key",
      "provider": "provider.google-beta",
      "instances": [
        {
          "schema_version": 0,
          "attributes": {
            "id": "projects/sree-dev-01/serviceAccounts/grpc-pubsub-sa@sree-dev-01.iam.gserviceaccount.com/keys/82c8a402a7a0535fca90df125ac38543f09414d5",
            "key_algorithm": "KEY_ALG_RSA_2048",
            "name": "projects/sree-dev-01/serviceAccounts/grpc-pubsub-sa@sree-dev-01.iam.gserviceaccount.com/keys/82c8a402a7a0535fca90df125ac38543f09414d5",
            "pgp_key": null,
            "private_key": "ewogICJ0eXBlIjogInNlcnZpY2VfYWNjb3VudCIsCiAgInByb2plY3RfaWQiOiAic3JlZS1kZXYtMDEiLAogICJwcml2YXRlX2tleV9pZCI6ICI4MmM4YTQwMmE3YTA1MzVmY2E5MGRmMTI1YWMzODU0M2YwOTQxNGQ1IiwKICAicHJpdmF0ZV9rZXkiOiAiLS0tLS1CRUdJTiBQUklWQVRFIEtFWS0tLS0tXG5NSUlFdlFJQkFEQU5CZ2txaGtpRzl3MEJBUUVGQUFTQ0JLY3dnZ1NqQWdFQUFvSUJBUUNzMGZoVjVuQ3Ewd3kxXG52U29IbzJIWTRzeG5CMndMa1ZVK2tQTDVsT1YveGlUdkwyM2tQTklkbGV5MzFJTHB4Z0NTL21YRkFrMjZuWnp5XG4yMkNYWGorYkpCZXdEVC9UQzhtcGNZQmQrcTZIS3ZuSU1McloyQVV6RDhOQ1ltMkFGaTVGSXFsZVJxWURUZk1yXG51eGI5WmVwZ0VYNmZTWlZzK3B6blNyREsrQ0RIajhTU3UveThoVHk2TEtnMzhmU3JiS0ZvYk9aQ3FrR0EvWjJOXG43V1pRT0JCNm9UdGgxK3hPaTRzbk5HbUdIYmRTeUJVYmVOK2U0Y2c5MDRQS29jOGQzYWdtNnJnZ0RpNDRqa1RGXG5ab0NEenNpNm9WZG9QelduVUs1aVRrVzZ4Q2g0czQzQTJ2YThOclUzMkEvZWZCdWJVQlA1R2tkR2hpaGV6NWJWXG5UeTRpR3dYZkFnTUJBQUVDZ2dFQU9QSWJMVnI0aHlGeUQ3U2NVOVgvV1BNcXZVeFJ5dUlCdjlNTmJUWW1CVnRxXG5NakpqdUpCZUFBZTE3OEVqdmhwVGVCeEJ0cEFTd3NwS3ZDK1RmVzA5OGtZTFZDU1pnbFpoQmVkemtBUVpYRXJKXG44YkEwOGJGZnpUcUZjYXR6UDRDUGtKSmlVc0ZlMUxucnhkNHBMaWhWK1gvcVJGeC8wMkFsTVlXSUNlbUhDNXFGXG50eGJvWGRHTXNkR1orTmVMYmhvOThiWktSelh2Ull3djhxNGxJMEloWXNNWDNqTERZRmpDdEY3cThvUCtXNlZmXG5WK1F2NmE0OFB4dkRWaURnLzN4SG1iKzY2eEVtVWVqSWdSRU9mMEJ4RXF5YjA0SXIyVGFwdDlud1d5YnhvOG5hXG4vOVRFeFQvRVh2L1A0a29UT0NmdWE1TmRpR0NCNXFlNm5sNU1hQTBvMlFLQmdRRG9DTE15QUJsWjNuR0xBZ1JHXG5NSTEwZ2VpM2phbVlDZkxlWC9WSWxzM0EwN25pUElxamsyN2VJS0lCMVY2VzM2cUs0VDNQc3d4MDA5YUc5UzgvXG5YTHFIM2t4WGlJdTBJUVc4Y2luTHBhV1ltT291YkFCSS9QQ08wTHQ1aVAvUlg5UnE3UmgrUi9sNnZWbmQvd1hJXG5COEkyMzJvTWEva0hxWFIrVUhvMGFPaStNd0tCZ1FDK3E1TlJ3RktWRm5xUmZMVERzU2hwbTc4aXJqZ2Z1SUpzXG54Nk9rZFhZb2VVc2I2Y3ZUT2hLM3FGNHVpTVlLRzZmR3locUpGcStYOFB6K2hMY1VZUnlYM0ZLd2piRjV6b1VIXG56NjRXeTRPcm1JL0M1MjNkVENNaDJibDlFMlJWRXJ5blRsYkRydUNpL2NyVEJlZzdNMW94eTZEZ2ZUcytxYjRqXG5Qd0prb3NqVnBRS0JnUURiT2wwVWdNTnpCWmlCbmdZcnl2UGJnR0pBQ3JpUnpkU0tCbC9abGFJUTdmcFNwcURXXG5yQlcwQ1dFSUduQ2tXKzdtQ0tvOTh3MXgxRFI4am10MWtrY3ExLzJKTnBuSU51c1VnVWk4QUdYVko2VWE5eS9OXG54aTRDd1hSZi8vQzBBYmJRei9LMFhZeDVTeTM5Y1ZZbENDK1hhTDdwdlpvc2d3NXR5ZHVzYVBKOXdRS0JnSDRjXG5sOFVqc3J0L2NiUld5bTBBK1J6WThkUHJiWjIxZVRhZjJTSEd1MDlMNHB6a3gzYS9XMi8wUWM3L2toVlBjMm90XG5kTjJsanFDdHVYaFNxWkVtSmpaZmVLWGtJalhSbmZXcnJKYlJKeGJSUW8wRWE0dEtkNVpGSHNXV2xPOGNCSUdZXG5kQlRienlLZlFJN1F3bWlkcjVOdC9zdGNxVm5xQmFQa1loM1QrWWd0QW9HQUllOWl6R1Arb2ZWS2IrSEhCaHNXXG45U3BnQTFmQU5pODR0V1UvMGJtSDc2VlN6S2I2RDdLbSs5bUIxYXpHQmk3dTRLTVVIdHlBb0t2Q0V5V0tReHY3XG5EMkhhVmlkWm9QZzRadVE3VEhQeWxNcDJWNnNHa3FEY04yNjk3ZWIrMEtRS3dDend4TnhMcGNCOFlOR0FVbE1BXG5FY1JXcmFJTldXZ3p6UUJTRFFjTDNJbz1cbi0tLS0tRU5EIFBSSVZBVEUgS0VZLS0tLS1cbiIsCiAgImNsaWVudF9lbWFpbCI6ICJncnBjLXB1YnN1Yi1zYUBzcmVlLWRldi0wMS5pYW0uZ3NlcnZpY2VhY2NvdW50LmNvbSIsCiAgImNsaWVudF9pZCI6ICIxMTA0NTg4OTIwOTgzMjQ1OTIwNDkiLAogICJhdXRoX3VyaSI6ICJodHRwczovL2FjY291bnRzLmdvb2dsZS5jb20vby9vYXV0aDIvYXV0aCIsCiAgInRva2VuX3VyaSI6ICJodHRwczovL29hdXRoMi5nb29nbGVhcGlzLmNvbS90b2tlbiIsCiAgImF1dGhfcHJvdmlkZXJfeDUwOV9jZXJ0X3VybCI6ICJodHRwczovL3d3dy5nb29nbGVhcGlzLmNvbS9vYXV0aDIvdjEvY2VydHMiLAogICJjbGllbnRfeDUwOV9jZXJ0X3VybCI6ICJodHRwczovL3d3dy5nb29nbGVhcGlzLmNvbS9yb2JvdC92MS9tZXRhZGF0YS94NTA5L2dycGMtcHVic3ViLXNhJTQwc3JlZS1kZXYtMDEuaWFtLmdzZXJ2aWNlYWNjb3VudC5jb20iCn0K",
            "private_key_encrypted": null,
            "private_key_fingerprint": null,
            "private_key_type": "TYPE_GOOGLE_CREDENTIALS_FILE",
            "public_key": "LS0tLS1CRUdJTiBDRVJUSUZJQ0FURS0tLS0tCk1JSUMrakNDQWVLZ0F3SUJBZ0lJRVl2OXFnNkd0ZVF3RFFZSktvWklodmNOQVFFRkJRQXdJREVlTUJ3R0ExVUUKQXhNVk1URXdORFU0T0RreU1EazRNekkwTlRreU1EUTVNQjRYRFRJd01EVXhNVEV5TVRjMU5sb1hEVE13TURVdwpPVEV5TVRjMU5sb3dJREVlTUJ3R0ExVUVBeE1WTVRFd05EVTRPRGt5TURrNE16STBOVGt5TURRNU1JSUJJakFOCkJna3Foa2lHOXcwQkFRRUZBQU9DQVE4QU1JSUJDZ0tDQVFFQXJOSDRWZVp3cXRNTXRiMHFCNk5oMk9MTVp3ZHMKQzVGVlBwRHkrWlRsZjhZazd5OXQ1RHpTSFpYc3Q5U0M2Y1lBa3Y1bHhRSk51cDJjOHR0Z2wxNC9teVFYc0EwLwowd3ZKcVhHQVhmcXVoeXI1eURDNjJkZ0ZNdy9EUW1KdGdCWXVSU0twWGthbUEwM3pLN3NXL1dYcVlCRituMG1WCmJQcWM1MHF3eXZnZ3g0L0VrcnY4dklVOHVpeW9OL0gwcTJ5aGFHem1RcXBCZ1AyZGplMW1VRGdRZXFFN1lkZnMKVG91TEp6UnBoaDIzVXNnVkczamZudUhJUGRPRHlxSFBIZDJvSnVxNElBNHVPSTVFeFdhQWc4N0l1cUZYYUQ4MQpwMUN1WWs1RnVzUW9lTE9Od05yMnZEYTFOOWdQM253Ym0xQVQrUnBIUm9Zb1hzK1cxVTh1SWhzRjN3SURBUUFCCm96Z3dOakFNQmdOVkhSTUJBZjhFQWpBQU1BNEdBMVVkRHdFQi93UUVBd0lIZ0RBV0JnTlZIU1VCQWY4RUREQUsKQmdnckJnRUZCUWNEQWpBTkJna3Foa2lHOXcwQkFRVUZBQU9DQVFFQWttb2lxWmRnTUdMNlErNlEvNjNTbVF3MwozWGJ3bG5Bc1Z0NG9rRlF6QzB3bCtyUzY1eG9vMkZKMmtlbGN4UW1rWGlyaGh3VUx0UFpTSGhNb1F6OFlyUEk4CjhZOFVTdU9HZmhMcGtxRkwzaGFQbTFKL3FjOU9nQ2VzbUJSYk5qNWhrQlJLbWwrSk1IS2NRUnZSdWZ0UFE2RlQKUUt2a09veFptakgvRm5xVkZUWmwza0dscXFMbmZROUlnekxyQVN1dzdtNVcrcGFBV01oTFpicWhBR2tMdE84agpCdkE0akphc2VJenZkcWw1K1V2OEk4U1QvY2w4RFdRZW44T1RJNXlyTzdEdE0zSUZCcEFhWDI1aGhaeGx3dExLCkdtSWxsa1FzWEhlT3pLUS92djk5V2RLK2lJaDlVQUliVndTSTdaQ3RwQm52L0Zmb1lmQ1hBVjBDNVFnR2xBPT0KLS0tLS1FTkQgQ0VSVElGSUNBVEUtLS0tLQo=",
            "public_key_type": "TYPE_X509_PEM_FILE",
            "service_account_id": "projects/sree-dev-01/serviceAccounts/grpc-pubsub-sa@sree-dev-01.iam.gserviceaccount.com",
            "valid_after": "2020-05-11T12:17:56Z",
            "valid_before": "2030-05-09T12:17:56Z"
          },
          "private": "bnVsbA==",
          "dependencies": [
            "google_project_service.pubsub_service",
            "google_pubsub_subscription.default",
            "google_pubsub_topic.default",
            "google_service_account.pubsub_sa"
          ]
        }
      ]
    },
    {
      "mode": "managed",
      "type": "local_file",
      "name": "pubsub_sa_key_json",
      "provider": "provider.local",
      "instances": [
        {
          "schema_version": 0,
          "attributes": {
            "content": "{\n  \"type\": \"service_account\",\n  \"project_id\": \"sree-dev-01\",\n  \"private_key_id\": \"82c8a402a7a0535fca90df125ac38543f09414d5\",\n  \"private_key\": \"-----BEGIN PRIVATE KEY-----\\nMIIEvQIBADANBgkqhkiG9w0BAQEFAASCBKcwggSjAgEAAoIBAQCs0fhV5nCq0wy1\\nvSoHo2HY4sxnB2wLkVU+kPL5lOV/xiTvL23kPNIdley31ILpxgCS/mXFAk26nZzy\\n22CXXj+bJBewDT/TC8mpcYBd+q6HKvnIMLrZ2AUzD8NCYm2AFi5FIqleRqYDTfMr\\nuxb9ZepgEX6fSZVs+pznSrDK+CDHj8SSu/y8hTy6LKg38fSrbKFobOZCqkGA/Z2N\\n7WZQOBB6oTth1+xOi4snNGmGHbdSyBUbeN+e4cg904PKoc8d3agm6rggDi44jkTF\\nZoCDzsi6oVdoPzWnUK5iTkW6xCh4s43A2va8NrU32A/efBubUBP5GkdGhihez5bV\\nTy4iGwXfAgMBAAECggEAOPIbLVr4hyFyD7ScU9X/WPMqvUxRyuIBv9MNbTYmBVtq\\nMjJjuJBeAAe178EjvhpTeBxBtpASwspKvC+TfW098kYLVCSZglZhBedzkAQZXErJ\\n8bA08bFfzTqFcatzP4CPkJJiUsFe1Lnrxd4pLihV+X/qRFx/02AlMYWICemHC5qF\\ntxboXdGMsdGZ+NeLbho98bZKRzXvRYwv8q4lI0IhYsMX3jLDYFjCtF7q8oP+W6Vf\\nV+Qv6a48PxvDViDg/3xHmb+66xEmUejIgREOf0BxEqyb04Ir2Tapt9nwWybxo8na\\n/9TExT/EXv/P4koTOCfua5NdiGCB5qe6nl5MaA0o2QKBgQDoCLMyABlZ3nGLAgRG\\nMI10gei3jamYCfLeX/VIls3A07niPIqjk27eIKIB1V6W36qK4T3Pswx009aG9S8/\\nXLqH3kxXiIu0IQW8cinLpaWYmOoubABI/PCO0Lt5iP/RX9Rq7Rh+R/l6vVnd/wXI\\nB8I232oMa/kHqXR+UHo0aOi+MwKBgQC+q5NRwFKVFnqRfLTDsShpm78irjgfuIJs\\nx6OkdXYoeUsb6cvTOhK3qF4uiMYKG6fGyhqJFq+X8Pz+hLcUYRyX3FKwjbF5zoUH\\nz64Wy4OrmI/C523dTCMh2bl9E2RVErynTlbDruCi/crTBeg7M1oxy6DgfTs+qb4j\\nPwJkosjVpQKBgQDbOl0UgMNzBZiBngYryvPbgGJACriRzdSKBl/ZlaIQ7fpSpqDW\\nrBW0CWEIGnCkW+7mCKo98w1x1DR8jmt1kkcq1/2JNpnINusUgUi8AGXVJ6Ua9y/N\\nxi4CwXRf//C0AbbQz/K0XYx5Sy39cVYlCC+XaL7pvZosgw5tydusaPJ9wQKBgH4c\\nl8Ujsrt/cbRWym0A+RzY8dPrbZ21eTaf2SHGu09L4pzkx3a/W2/0Qc7/khVPc2ot\\ndN2ljqCtuXhSqZEmJjZfeKXkIjXRnfWrrJbRJxbRQo0Ea4tKd5ZFHsWWlO8cBIGY\\ndBTbzyKfQI7Qwmidr5Nt/stcqVnqBaPkYh3T+YgtAoGAIe9izGP+ofVKb+HHBhsW\\n9SpgA1fANi84tWU/0bmH76VSzKb6D7Km+9mB1azGBi7u4KMUHtyAoKvCEyWKQxv7\\nD2HaVidZoPg4ZuQ7THPylMp2V6sGkqDcN2697eb+0KQKwCzwxNxLpcB8YNGAUlMA\\nEcRWraINWWgzzQBSDQcL3Io=\\n-----END PRIVATE KEY-----\\n\",\n  \"client_email\": \"grpc-pubsub-sa@sree-dev-01.iam.gserviceaccount.com\",\n  \"client_id\": \"110458892098324592049\",\n  \"auth_uri\": \"https://accounts.google.com/o/oauth2/auth\",\n  \"token_uri\": \"https://oauth2.googleapis.com/token\",\n  \"auth_provider_x509_cert_url\": \"https://www.googleapis.com/oauth2/v1/certs\",\n  \"client_x509_cert_url\": \"https://www.googleapis.com/robot/v1/metadata/x509/grpc-pubsub-sa%40sree-dev-01.iam.gserviceaccount.com\"\n}\n",
            "content_base64": null,
            "directory_permission": "0777",
            "file_permission": "0777",
            "filename": "./gcp_pubsub_sa.json",
            "id": "cee8ee9754c020ea1def4a047fe99c246366a9dd",
            "sensitive_content": null
          },
          "private": "bnVsbA==",
          "dependencies": [
            "google_project_service.pubsub_service",
            "google_pubsub_subscription.default",
            "google_pubsub_topic.default",
            "google_service_account.pubsub_sa",
            "google_service_account_key.pubsub_sa_key"
          ]
        }
      ]
    }
  ]
}
