{
  "version": 4,
  "terraform_version": "0.12.24",
  "serial": 120,
  "lineage": "51733380-e90f-d68e-5bf8-8247f1ed6032",
  "outputs": {
    "pubsub_project_service_id": {
      "value": "projects/sree-dev-01/subscriptions/grpc-sub-01",
      "type": "string"
    },
    "pubsub_sa_email": {
      "value": "grpc-pubsub-sa@sree-dev-01.iam.gserviceaccount.com",
      "type": "string"
    },
    "pubsub_sa_key_filename": {
      "value": "./../../../../../../../.ssh/gcp_pubsub_sa.json",
      "type": "string"
    },
    "pubsub_sa_name": {
      "value": "projects/sree-dev-01/serviceAccounts/grpc-pubsub-sa@sree-dev-01.iam.gserviceaccount.com",
      "type": "string"
    },
    "pubsub_sa_subscription_iam_bindings": {
      "value": [
        {
          "condition": [],
          "etag": "BwWlUgo1gIo=",
          "id": "projects/sree-dev-01/subscriptions/grpc-sub-01/roles/pubsub.viewer",
          "members": [
            "serviceAccount:grpc-pubsub-sa@sree-dev-01.iam.gserviceaccount.com"
          ],
          "project": null,
          "role": "roles/pubsub.viewer",
          "subscription": "grpc-sub-01"
        },
        {
          "condition": [],
          "etag": "BwWlUgo1gIo=",
          "id": "projects/sree-dev-01/subscriptions/grpc-sub-01/roles/pubsub.subscriber",
          "members": [
            "serviceAccount:grpc-pubsub-sa@sree-dev-01.iam.gserviceaccount.com"
          ],
          "project": null,
          "role": "roles/pubsub.subscriber",
          "subscription": "grpc-sub-01"
        }
      ],
      "type": [
        "tuple",
        [
          [
            "object",
            {
              "condition": [
                "list",
                [
                  "object",
                  {
                    "description": "string",
                    "expression": "string",
                    "title": "string"
                  }
                ]
              ],
              "etag": "string",
              "id": "string",
              "members": [
                "set",
                "string"
              ],
              "project": "string",
              "role": "string",
              "subscription": "string"
            }
          ],
          [
            "object",
            {
              "condition": [
                "list",
                [
                  "object",
                  {
                    "description": "string",
                    "expression": "string",
                    "title": "string"
                  }
                ]
              ],
              "etag": "string",
              "id": "string",
              "members": [
                "set",
                "string"
              ],
              "project": "string",
              "role": "string",
              "subscription": "string"
            }
          ]
        ]
      ]
    },
    "pubsub_subscription_id": {
      "value": "projects/sree-dev-01/subscriptions/grpc-sub-01",
      "type": "string"
    },
    "pubsub_subscription_path": {
      "value": "projects/sree-dev-01/subscriptions/grpc-sub-01",
      "type": "string"
    },
    "pubsub_topic_id": {
      "value": "projects/sree-dev-01/topics/grpc-topic",
      "type": "string"
    },
    "pubsubs_sa_topic_iam_bindings": {
      "value": [
        {
          "condition": [],
          "etag": "BwWlUgorSMc=",
          "id": "projects/sree-dev-01/topics/grpc-topic/roles/pubsub.viewer",
          "members": [
            "serviceAccount:grpc-pubsub-sa@sree-dev-01.iam.gserviceaccount.com"
          ],
          "project": "sree-dev-01",
          "role": "roles/pubsub.viewer",
          "topic": "projects/sree-dev-01/topics/grpc-topic"
        },
        {
          "condition": [],
          "etag": "BwWlUgorSMc=",
          "id": "projects/sree-dev-01/topics/grpc-topic/roles/pubsub.publisher",
          "members": [
            "serviceAccount:grpc-pubsub-sa@sree-dev-01.iam.gserviceaccount.com"
          ],
          "project": "sree-dev-01",
          "role": "roles/pubsub.publisher",
          "topic": "projects/sree-dev-01/topics/grpc-topic"
        }
      ],
      "type": [
        "tuple",
        [
          [
            "object",
            {
              "condition": [
                "list",
                [
                  "object",
                  {
                    "description": "string",
                    "expression": "string",
                    "title": "string"
                  }
                ]
              ],
              "etag": "string",
              "id": "string",
              "members": [
                "set",
                "string"
              ],
              "project": "string",
              "role": "string",
              "topic": "string"
            }
          ],
          [
            "object",
            {
              "condition": [
                "list",
                [
                  "object",
                  {
                    "description": "string",
                    "expression": "string",
                    "title": "string"
                  }
                ]
              ],
              "etag": "string",
              "id": "string",
              "members": [
                "set",
                "string"
              ],
              "project": "string",
              "role": "string",
              "topic": "string"
            }
          ]
        ]
      ]
    }
  },
  "resources": [
    {
      "mode": "managed",
      "type": "google_project_service",
      "name": "pubsub_service",
      "provider": "provider.google-beta",
      "instances": [
        {
          "schema_version": 0,
          "attributes": {
            "disable_dependent_services": null,
            "disable_on_destroy": false,
            "id": "sree-dev-01/pubsub.googleapis.com",
            "project": "sree-dev-01",
            "service": "pubsub.googleapis.com",
            "timeouts": null
          },
          "private": "eyJlMmJmYjczMC1lY2FhLTExZTYtOGY4OC0zNDM2M2JjN2M0YzAiOnsiY3JlYXRlIjoxMjAwMDAwMDAwMDAwLCJkZWxldGUiOjEyMDAwMDAwMDAwMDAsInJlYWQiOjYwMDAwMDAwMDAwMCwidXBkYXRlIjoxMjAwMDAwMDAwMDAwfX0="
        }
      ]
    },
    {
      "mode": "managed",
      "type": "google_pubsub_subscription",
      "name": "default",
      "provider": "provider.google-beta",
      "instances": [
        {
          "schema_version": 0,
          "attributes": {
            "ack_deadline_seconds": 20,
            "dead_letter_policy": [],
            "expiration_policy": [
              {
                "ttl": "172800s"
              }
            ],
            "id": "projects/sree-dev-01/subscriptions/grpc-sub-01",
            "labels": null,
            "message_retention_duration": "86400s",
            "name": "grpc-sub-01",
            "path": "projects/sree-dev-01/subscriptions/grpc-sub-01",
            "project": "sree-dev-01",
            "push_config": [],
            "retain_acked_messages": false,
            "timeouts": null,
            "topic": "projects/sree-dev-01/topics/grpc-topic"
          },
          "private": "eyJlMmJmYjczMC1lY2FhLTExZTYtOGY4OC0zNDM2M2JjN2M0YzAiOnsiY3JlYXRlIjozNjAwMDAwMDAwMDAsImRlbGV0ZSI6MjQwMDAwMDAwMDAwLCJ1cGRhdGUiOjM2MDAwMDAwMDAwMH19",
          "dependencies": [
            "google_project_service.pubsub_service",
            "google_pubsub_topic.default"
          ]
        }
      ]
    },
    {
      "mode": "managed",
      "type": "google_pubsub_subscription_iam_binding",
      "name": "default",
      "each": "list",
      "provider": "provider.google-beta",
      "instances": [
        {
          "index_key": 0,
          "schema_version": 0,
          "attributes": {
            "condition": [],
            "etag": "BwWlUgo1gIo=",
            "id": "projects/sree-dev-01/subscriptions/grpc-sub-01/roles/pubsub.viewer",
            "members": [
              "serviceAccount:grpc-pubsub-sa@sree-dev-01.iam.gserviceaccount.com"
            ],
            "project": null,
            "role": "roles/pubsub.viewer",
            "subscription": "grpc-sub-01"
          },
          "private": "bnVsbA==",
          "dependencies": [
            "google_project_service.pubsub_service",
            "google_pubsub_subscription.default",
            "google_pubsub_topic.default",
            "google_service_account.pubsub_sa"
          ]
        },
        {
          "index_key": 1,
          "schema_version": 0,
          "attributes": {
            "condition": [],
            "etag": "BwWlUgo1gIo=",
            "id": "projects/sree-dev-01/subscriptions/grpc-sub-01/roles/pubsub.subscriber",
            "members": [
              "serviceAccount:grpc-pubsub-sa@sree-dev-01.iam.gserviceaccount.com"
            ],
            "project": null,
            "role": "roles/pubsub.subscriber",
            "subscription": "grpc-sub-01"
          },
          "private": "bnVsbA==",
          "dependencies": [
            "google_project_service.pubsub_service",
            "google_pubsub_subscription.default",
            "google_pubsub_topic.default",
            "google_service_account.pubsub_sa"
          ]
        }
      ]
    },
    {
      "mode": "managed",
      "type": "google_pubsub_topic",
      "name": "default",
      "provider": "provider.google-beta",
      "instances": [
        {
          "schema_version": 0,
          "attributes": {
            "id": "projects/sree-dev-01/topics/grpc-topic",
            "kms_key_name": "",
            "labels": null,
            "message_storage_policy": [
              {
                "allowed_persistence_regions": [
                  "europe-west2"
                ]
              }
            ],
            "name": "grpc-topic",
            "project": "sree-dev-01",
            "timeouts": null
          },
          "private": "eyJlMmJmYjczMC1lY2FhLTExZTYtOGY4OC0zNDM2M2JjN2M0YzAiOnsiY3JlYXRlIjozNjAwMDAwMDAwMDAsImRlbGV0ZSI6MjQwMDAwMDAwMDAwLCJ1cGRhdGUiOjM2MDAwMDAwMDAwMH19",
          "dependencies": [
            "google_project_service.pubsub_service"
          ]
        }
      ]
    },
    {
      "mode": "managed",
      "type": "google_pubsub_topic_iam_binding",
      "name": "default",
      "each": "list",
      "provider": "provider.google-beta",
      "instances": [
        {
          "index_key": 0,
          "schema_version": 0,
          "attributes": {
            "condition": [],
            "etag": "BwWlUgorSMc=",
            "id": "projects/sree-dev-01/topics/grpc-topic/roles/pubsub.viewer",
            "members": [
              "serviceAccount:grpc-pubsub-sa@sree-dev-01.iam.gserviceaccount.com"
            ],
            "project": "sree-dev-01",
            "role": "roles/pubsub.viewer",
            "topic": "projects/sree-dev-01/topics/grpc-topic"
          },
          "private": "bnVsbA==",
          "dependencies": [
            "google_project_service.pubsub_service",
            "google_pubsub_subscription.default",
            "google_pubsub_topic.default",
            "google_service_account.pubsub_sa"
          ]
        },
        {
          "index_key": 1,
          "schema_version": 0,
          "attributes": {
            "condition": [],
            "etag": "BwWlUgorSMc=",
            "id": "projects/sree-dev-01/topics/grpc-topic/roles/pubsub.publisher",
            "members": [
              "serviceAccount:grpc-pubsub-sa@sree-dev-01.iam.gserviceaccount.com"
            ],
            "project": "sree-dev-01",
            "role": "roles/pubsub.publisher",
            "topic": "projects/sree-dev-01/topics/grpc-topic"
          },
          "private": "bnVsbA==",
          "dependencies": [
            "google_project_service.pubsub_service",
            "google_pubsub_subscription.default",
            "google_pubsub_topic.default",
            "google_service_account.pubsub_sa"
          ]
        }
      ]
    },
    {
      "mode": "managed",
      "type": "google_service_account",
      "name": "pubsub_sa",
      "provider": "provider.google-beta",
      "instances": [
        {
          "schema_version": 0,
          "attributes": {
            "account_id": "grpc-pubsub-sa",
            "description": "",
            "display_name": "grpc-pubsub-sa",
            "email": "grpc-pubsub-sa@sree-dev-01.iam.gserviceaccount.com",
            "id": "projects/sree-dev-01/serviceAccounts/grpc-pubsub-sa@sree-dev-01.iam.gserviceaccount.com",
            "name": "projects/sree-dev-01/serviceAccounts/grpc-pubsub-sa@sree-dev-01.iam.gserviceaccount.com",
            "project": "sree-dev-01",
            "unique_id": "117480961781971909136"
          },
          "private": "bnVsbA==",
          "dependencies": [
            "google_project_service.pubsub_service",
            "google_pubsub_subscription.default",
            "google_pubsub_topic.default"
          ]
        }
      ]
    },
    {
      "mode": "managed",
      "type": "google_service_account_key",
      "name": "pubsub_sa_key",
      "provider": "provider.google-beta",
      "instances": [
        {
          "schema_version": 0,
          "attributes": {
            "id": "projects/sree-dev-01/serviceAccounts/grpc-pubsub-sa@sree-dev-01.iam.gserviceaccount.com/keys/28a4de130148d140068d955a74fda0eefeec8a02",
            "key_algorithm": "KEY_ALG_RSA_2048",
            "name": "projects/sree-dev-01/serviceAccounts/grpc-pubsub-sa@sree-dev-01.iam.gserviceaccount.com/keys/28a4de130148d140068d955a74fda0eefeec8a02",
            "pgp_key": null,
            "private_key": "ewogICJ0eXBlIjogInNlcnZpY2VfYWNjb3VudCIsCiAgInByb2plY3RfaWQiOiAic3JlZS1kZXYtMDEiLAogICJwcml2YXRlX2tleV9pZCI6ICIyOGE0ZGUxMzAxNDhkMTQwMDY4ZDk1NWE3NGZkYTBlZWZlZWM4YTAyIiwKICAicHJpdmF0ZV9rZXkiOiAiLS0tLS1CRUdJTiBQUklWQVRFIEtFWS0tLS0tXG5NSUlFdmdJQkFEQU5CZ2txaGtpRzl3MEJBUUVGQUFTQ0JLZ3dnZ1NrQWdFQUFvSUJBUURJb05LSmJQcVZJdlByXG5FRFFqbERGaHFERjF0T3AxTzJqRmFJd1dtYW9CUWMzbldxcjFLU1FrYVFwUXZUa2sxTHRLRGhzNHd0bFYyMkxpXG40TTJFZDlRZmRCTWdzZEpzZlFGeCt1RHNXTVVMTnJVZWI2TTdWZmpDaGd0Ui9BbWU4cnhDOFlyQVRsVnFkcXZoXG5FQkY3SWlreFRkbCtoZ3l1MWxVRWhkRzlaNWZkamJEMjdsQXo5RDVQb0hrOFRrZ2dkOUtmcGVYakI5YTlqbjdMXG44VzBWNVJCTnZodVFXTVJaVXMzZzRwNWJyU0U3Zm03Q0pFMEhTaFg1V0xRNWIrYnR6L1k4blVSUXRiSGJtTGwxXG40VWNETEVod3c2cHltRHQyY3FSN1BBb3NpZ3dWejNzV3R4bGdBakYrM0RSakR4eGFkWElwWGc0eFBpSE9YSnRmXG5lTWhIdnFiSkFnTUJBQUVDZ2dFQUtlOW5vbDc3ajZHekwwNS9QM0tSMGRKSXFFeE05MzBYL0s5S0hNMDR1ak9KXG5lTks4U2lzenlVS0ZhL1BwVmxmNjM5Tk1BRlRGL2NxeUJDOHQ5Z0xmL1VVVFhIR2V4SnRxYW1zZ2lYWlNsWEgxXG5jS3V3Q0U2RGhSRmttMW5kbnZJb3hLdGRMNjRQNzRWbmpzNy9nR2ZYQ1YyMjJObm5HOEprR2VKb3dUaStod25nXG5heU1kUE9MQ3pYeWhrZU5EY3ROUXNtcjJDYVlhd21wckY3SlNnT0JXWWtmU09nblZ6eityclVQcUVYcmR4VHFIXG44ejFBc3I2QnNDaUpHZk9uSkRvaTMzZVpFWE9WUVE5UmZub0JUdUcxQlNvVUlkSmJBQlQ5dE83cTBOaFVna2RkXG4vQnpmSWJUbjN0cXJxc2ZHb0kzUW1DaWFDb0RmaEN5MW0yRXdTWXVZcVFLQmdRRHdpdG9TenJPVStIV0ZxR2w0XG5nWkpIcGY0M0c4cXdSblYzcTJYbHphTmhyY3htbFhWRUdlamxiV0N4alMyTTZ4YlNzby81NXVESXVlTVpUMjMwXG4vcTgydFFXanNlZmJ5cTY4SWozcUdSQ3NlYktwUTBHR2NIUjYxd01zU1RsOVpTNXpVME9HVFJJRHIrQUl0elQ0XG5Qbm8zVklDNnRpcUlPSnpZcktTOXBtOUluUUtCZ1FEVmhWaEpLMGdwU05OcVBPbXNTZjNIOE9mdStyMm00WExvXG5rZDhwNU1xdUo4WjlpMDlNRm1KWm0vd0NOMFpjWG9jQW5leG5QREpqUnpYM2o1dXVmWjY5OHRXL0N6TzJBUHNpXG5qRXo3R2traXJtVkYveVJpR0lXMlF4anNpejV4SWZBUktmeWhDRmRmcFNIUlNXNlFkUXA4WmtPbVJIWkRpTXMvXG5uald2STBVUkhRS0JnUUNva2laUmw5bnlSRXpYNWpaRDVVb0dQQ1h6cU41YXVvWUgzMjRCcGlNaGlSTDlzVEFGXG5FY05OUldIR0RCSW45M2gvSC9RV1JkNnh6Tk9DSVZBRnFaWlEySHVqUkVJZ25lSG1wbmlOWGhONVM3QVJQcmprXG41bG82M0FPMVBYdTBqUHdJaGdtRVRPNmE5dDRpUFlJNWxrOUFCMUJQaU9vMW5MY09nYTdSMlptVFlRS0JnRnRhXG4yaE0wT1lPd2JRUWZXN3NqVFRtbWtSVm1vbzRzRjRYNkk0bEJJcGF3M2ZRSkRyeDNOMDB2dC9zYXV6ZjZHYmpoXG4yS3V5emJ3OFU1TEFGdFBwVzJuWjVDb0JHUGJlSkpUN2dsUk5RczFiNEdpNmFVNnZQMFprSHQzV0ZibEIwLzBFXG5BZHJFUHQzbFFUclNPRVFHVDU0NkF1ZTRrd0VDSGpQeDlQWWlHUUxoQW9HQkFKOUE5aGhoOERkak4rczg0bExmXG5wejBaRi9lZVdnZC9TSlh1bG42N01QaG84VHk2OEoxbWwrY0ZHSzVZL0JaZXVBZlJ3VFNLeVBaTnZMSVZxTWh5XG50WVdPSzZSaEZ1T1lWUHk1QnFLTnc4RE9xVlRwR1NGTkh3YjFvOXBJaEVpZHlsblBqNkk2VXdtems5Qjd6N1hBXG4vQ2ZEWTJrQ2dVYlF3SGpUVjM2Zy9YZUFcbi0tLS0tRU5EIFBSSVZBVEUgS0VZLS0tLS1cbiIsCiAgImNsaWVudF9lbWFpbCI6ICJncnBjLXB1YnN1Yi1zYUBzcmVlLWRldi0wMS5pYW0uZ3NlcnZpY2VhY2NvdW50LmNvbSIsCiAgImNsaWVudF9pZCI6ICIxMTc0ODA5NjE3ODE5NzE5MDkxMzYiLAogICJhdXRoX3VyaSI6ICJodHRwczovL2FjY291bnRzLmdvb2dsZS5jb20vby9vYXV0aDIvYXV0aCIsCiAgInRva2VuX3VyaSI6ICJodHRwczovL29hdXRoMi5nb29nbGVhcGlzLmNvbS90b2tlbiIsCiAgImF1dGhfcHJvdmlkZXJfeDUwOV9jZXJ0X3VybCI6ICJodHRwczovL3d3dy5nb29nbGVhcGlzLmNvbS9vYXV0aDIvdjEvY2VydHMiLAogICJjbGllbnRfeDUwOV9jZXJ0X3VybCI6ICJodHRwczovL3d3dy5nb29nbGVhcGlzLmNvbS9yb2JvdC92MS9tZXRhZGF0YS94NTA5L2dycGMtcHVic3ViLXNhJTQwc3JlZS1kZXYtMDEuaWFtLmdzZXJ2aWNlYWNjb3VudC5jb20iCn0K",
            "private_key_encrypted": null,
            "private_key_fingerprint": null,
            "private_key_type": "TYPE_GOOGLE_CREDENTIALS_FILE",
            "public_key": "LS0tLS1CRUdJTiBDRVJUSUZJQ0FURS0tLS0tCk1JSUMrakNDQWVLZ0F3SUJBZ0lJQnF0dWp2Z08xQk13RFFZSktvWklodmNOQVFFRkJRQXdJREVlTUJ3R0ExVUUKQXhNVk1URTNORGd3T1RZeE56Z3hPVGN4T1RBNU1UTTJNQjRYRFRJd01EVXhNREl4TXpjek5Wb1hEVE13TURVdwpPREl4TXpjek5Wb3dJREVlTUJ3R0ExVUVBeE1WTVRFM05EZ3dPVFl4TnpneE9UY3hPVEE1TVRNMk1JSUJJakFOCkJna3Foa2lHOXcwQkFRRUZBQU9DQVE4QU1JSUJDZ0tDQVFFQXlLRFNpV3o2bFNMejZ4QTBJNVF4WWFneGRiVHEKZFR0b3hXaU1GcG1xQVVITjUxcXE5U2trSkdrS1VMMDVKTlM3U2c0Yk9NTFpWZHRpNHVETmhIZlVIM1FUSUxIUwpiSDBCY2ZyZzdGakZDemExSG0rak8xWDR3b1lMVWZ3Sm52SzhRdkdLd0U1VmFuYXI0UkFSZXlJcE1VM1pmb1lNCnJ0WlZCSVhSdldlWDNZMnc5dTVRTS9RK1Q2QjVQRTVJSUhmU242WGw0d2ZXdlk1K3kvRnRGZVVRVGI0YmtGakUKV1ZMTjRPS2VXNjBoTzM1dXdpUk5CMG9WK1ZpME9XL203Yy8yUEoxRVVMV3gyNWk1ZGVGSEF5eEljTU9xY3BnNwpkbktrZXp3S0xJb01GYzk3RnJjWllBSXhmdHcwWXc4Y1duVnlLVjRPTVQ0aHpseWJYM2pJUjc2bXlRSURBUUFCCm96Z3dOakFNQmdOVkhSTUJBZjhFQWpBQU1BNEdBMVVkRHdFQi93UUVBd0lIZ0RBV0JnTlZIU1VCQWY4RUREQUsKQmdnckJnRUZCUWNEQWpBTkJna3Foa2lHOXcwQkFRVUZBQU9DQVFFQXZNZkxyeWFiYTMxamlYVWVKR1F2MW9hdgpFbFpoTjRxdVFHYXAzUDlyaHNRT0tLc0tSL2pNdHIvYjVHcVhzc2twdWZyYS82RHZ5MHJNb3ZwOUxhcHBWRWVCCjM0akxsdEpNRGo4dkVZbkcyY0xCTm5KaXNHOHIyQTdCRlMyR29wS1U4YjJNK1RoU2l0T0V4UDNpU1BEZTZhNGEKbTRHZVY3WmZ6VjNZRVJBT0t6RXAxem5SemhQYzZ0cHdTYTBtdHFqOU5PRE9PbWV4MWlyR0xzMThnak1QS2RETgpxRjJCckxGL3NJbWs5Z1RpaHQxMHovZ1daUEdhd0oyczhBY0gxNTRsYTFpNGNoMUsyNlVMRXM3ZHJ1ZkFpVVVoCnlxb29VOVRMOWNFNnI1azA2WXVFVERJWlhUdzhhTjhaYUhTVlJrVUEwYXRzei9FNnliTlBROExhY0hoZlZBPT0KLS0tLS1FTkQgQ0VSVElGSUNBVEUtLS0tLQo=",
            "public_key_type": "TYPE_X509_PEM_FILE",
            "service_account_id": "projects/sree-dev-01/serviceAccounts/grpc-pubsub-sa@sree-dev-01.iam.gserviceaccount.com",
            "valid_after": "2020-05-10T21:37:35Z",
            "valid_before": "2030-05-08T21:37:35Z"
          },
          "private": "bnVsbA==",
          "dependencies": [
            "google_project_service.pubsub_service",
            "google_pubsub_subscription.default",
            "google_pubsub_topic.default",
            "google_service_account.pubsub_sa"
          ]
        }
      ]
    },
    {
      "mode": "managed",
      "type": "local_file",
      "name": "pubsub_sa_key_json",
      "provider": "provider.local",
      "instances": [
        {
          "schema_version": 0,
          "attributes": {
            "content": "{\n  \"type\": \"service_account\",\n  \"project_id\": \"sree-dev-01\",\n  \"private_key_id\": \"28a4de130148d140068d955a74fda0eefeec8a02\",\n  \"private_key\": \"-----BEGIN PRIVATE KEY-----\\nMIIEvgIBADANBgkqhkiG9w0BAQEFAASCBKgwggSkAgEAAoIBAQDIoNKJbPqVIvPr\\nEDQjlDFhqDF1tOp1O2jFaIwWmaoBQc3nWqr1KSQkaQpQvTkk1LtKDhs4wtlV22Li\\n4M2Ed9QfdBMgsdJsfQFx+uDsWMULNrUeb6M7VfjChgtR/Ame8rxC8YrATlVqdqvh\\nEBF7IikxTdl+hgyu1lUEhdG9Z5fdjbD27lAz9D5PoHk8Tkggd9KfpeXjB9a9jn7L\\n8W0V5RBNvhuQWMRZUs3g4p5brSE7fm7CJE0HShX5WLQ5b+btz/Y8nURQtbHbmLl1\\n4UcDLEhww6pymDt2cqR7PAosigwVz3sWtxlgAjF+3DRjDxxadXIpXg4xPiHOXJtf\\neMhHvqbJAgMBAAECggEAKe9nol77j6GzL05/P3KR0dJIqExM930X/K9KHM04ujOJ\\neNK8SiszyUKFa/PpVlf639NMAFTF/cqyBC8t9gLf/UUTXHGexJtqamsgiXZSlXH1\\ncKuwCE6DhRFkm1ndnvIoxKtdL64P74Vnjs7/gGfXCV222NnnG8JkGeJowTi+hwng\\nayMdPOLCzXyhkeNDctNQsmr2CaYawmprF7JSgOBWYkfSOgnVzz+rrUPqEXrdxTqH\\n8z1Asr6BsCiJGfOnJDoi33eZEXOVQQ9RfnoBTuG1BSoUIdJbABT9tO7q0NhUgkdd\\n/BzfIbTn3tqrqsfGoI3QmCiaCoDfhCy1m2EwSYuYqQKBgQDwitoSzrOU+HWFqGl4\\ngZJHpf43G8qwRnV3q2XlzaNhrcxmlXVEGejlbWCxjS2M6xbSso/55uDIueMZT230\\n/q82tQWjsefbyq68Ij3qGRCsebKpQ0GGcHR61wMsSTl9ZS5zU0OGTRIDr+AItzT4\\nPno3VIC6tiqIOJzYrKS9pm9InQKBgQDVhVhJK0gpSNNqPOmsSf3H8Ofu+r2m4XLo\\nkd8p5MquJ8Z9i09MFmJZm/wCN0ZcXocAnexnPDJjRzX3j5uufZ698tW/CzO2APsi\\njEz7GkkirmVF/yRiGIW2Qxjsiz5xIfARKfyhCFdfpSHRSW6QdQp8ZkOmRHZDiMs/\\nnjWvI0URHQKBgQCokiZRl9nyREzX5jZD5UoGPCXzqN5auoYH324BpiMhiRL9sTAF\\nEcNNRWHGDBIn93h/H/QWRd6xzNOCIVAFqZZQ2HujREIgneHmpniNXhN5S7ARPrjk\\n5lo63AO1PXu0jPwIhgmETO6a9t4iPYI5lk9AB1BPiOo1nLcOga7R2ZmTYQKBgFta\\n2hM0OYOwbQQfW7sjTTmmkRVmoo4sF4X6I4lBIpaw3fQJDrx3N00vt/sauzf6Gbjh\\n2Kuyzbw8U5LAFtPpW2nZ5CoBGPbeJJT7glRNQs1b4Gi6aU6vP0ZkHt3WFblB0/0E\\nAdrEPt3lQTrSOEQGT546Aue4kwECHjPx9PYiGQLhAoGBAJ9A9hhh8DdjN+s84lLf\\npz0ZF/eeWgd/SJXuln67MPho8Ty68J1ml+cFGK5Y/BZeuAfRwTSKyPZNvLIVqMhy\\ntYWOK6RhFuOYVPy5BqKNw8DOqVTpGSFNHwb1o9pIhEidylnPj6I6Uwmzk9B7z7XA\\n/CfDY2kCgUbQwHjTV36g/XeA\\n-----END PRIVATE KEY-----\\n\",\n  \"client_email\": \"grpc-pubsub-sa@sree-dev-01.iam.gserviceaccount.com\",\n  \"client_id\": \"117480961781971909136\",\n  \"auth_uri\": \"https://accounts.google.com/o/oauth2/auth\",\n  \"token_uri\": \"https://oauth2.googleapis.com/token\",\n  \"auth_provider_x509_cert_url\": \"https://www.googleapis.com/oauth2/v1/certs\",\n  \"client_x509_cert_url\": \"https://www.googleapis.com/robot/v1/metadata/x509/grpc-pubsub-sa%40sree-dev-01.iam.gserviceaccount.com\"\n}\n",
            "content_base64": null,
            "directory_permission": "0777",
            "file_permission": "0777",
            "filename": "./../../../../../../../.ssh/gcp_pubsub_sa.json",
            "id": "22c0a4f30c71782278c339fb121fe2027814a924",
            "sensitive_content": null
          },
          "private": "bnVsbA==",
          "dependencies": [
            "google_project_service.pubsub_service",
            "google_pubsub_subscription.default",
            "google_pubsub_topic.default",
            "google_service_account.pubsub_sa",
            "google_service_account_key.pubsub_sa_key"
          ]
        }
      ]
    }
  ]
}
